
Microsoft Visual Studio Solution File, Format Version 12.00
# Visual Studio Version 16
VisualStudioVersion = 16.0.31313.79
MinimumVisualStudioVersion = 10.0.40219.1
Project("{9A19103F-16F7-4668-BE54-9A1E7A4F7556}") = "RationcardRegisterWebApi", "RationcardRegisterWebApi\RationcardRegisterWebApi.csproj", "{14E115B2-FD75-4269-B643-344D914FDA3A}"
EndProject
Project("{FAE04EC0-301F-11D3-BF4B-00C04F79EFBC}") = "Repository", "Repository\Repository.csproj", "{E2F9DB1B-337B-40DA-A074-6D4D3C93F9DE}"
EndProject
Project("{FAE04EC0-301F-11D3-BF4B-00C04F79EFBC}") = "BusinessModel", "BusinessModel\BusinessModel.csproj", "{FF88B093-3291-422E-A5DD-DEF5BCD543D2}"
EndProject
Global
	GlobalSection(SolutionConfigurationPlatforms) = preSolution
		Debug|Any CPU = Debug|Any CPU
		Release|Any CPU = Release|Any CPU
	EndGlobalSection
	GlobalSection(ProjectConfigurationPlatforms) = postSolution
		{14E115B2-FD75-4269-B643-344D914FDA3A}.Debug|Any CPU.ActiveCfg = Debug|Any CPU
		{14E115B2-FD75-4269-B643-344D914FDA3A}.Debug|Any CPU.Build.0 = Debug|Any CPU
		{14E115B2-FD75-4269-B643-344D914FDA3A}.Release|Any CPU.ActiveCfg = Release|Any CPU
		{14E115B2-FD75-4269-B643-344D914FDA3A}.Release|Any CPU.Build.0 = Release|Any CPU
		{E2F9DB1B-337B-40DA-A074-6D4D3C93F9DE}.Debug|Any CPU.ActiveCfg = Debug|Any CPU
		{E2F9DB1B-337B-40DA-A074-6D4D3C93F9DE}.Debug|Any CPU.Build.0 = Debug|Any CPU
		{E2F9DB1B-337B-40DA-A074-6D4D3C93F9DE}.Release|Any CPU.ActiveCfg = Release|Any CPU
		{E2F9DB1B-337B-40DA-A074-6D4D3C93F9DE}.Release|Any CPU.Build.0 = Release|Any CPU
		{FF88B093-3291-422E-A5DD-DEF5BCD543D2}.Debug|Any CPU.ActiveCfg = Debug|Any CPU
		{FF88B093-3291-422E-A5DD-DEF5BCD543D2}.Debug|Any CPU.Build.0 = Debug|Any CPU
		{FF88B093-3291-422E-A5DD-DEF5BCD543D2}.Release|Any CPU.ActiveCfg = Release|Any CPU
		{FF88B093-3291-422E-A5DD-DEF5BCD543D2}.Release|Any CPU.Build.0 = Release|Any CPU
	EndGlobalSection
	GlobalSection(SolutionProperties) = preSolution
		HideSolutionNode = FALSE
	EndGlobalSection
	GlobalSection(ExtensibilityGlobals) = postSolution
		SolutionGuid = {5E7D2A07-9AF9-403A-8D70-B420AEEBF6CC}
	EndGlobalSection
EndGlobal
